
Microsoft Visual Studio Solution File, Format Version 11.00
# Visual Studio 2010
Project("{8BC9CEB8-8B4A-11D0-8D11-00A0C91BC942}") = "FormWithCppThread", "FormWithCppThread\FormWithCppThread.vcxproj", "{ACE3C283-8F57-4911-A40C-7B73A4B6C91D}"
EndProject
Global
	GlobalSection(SolutionConfigurationPlatforms) = preSolution
		Debug|Win32 = Debug|Win32
		Release|Win32 = Release|Win32
	EndGlobalSection
	GlobalSection(ProjectConfigurationPlatforms) = postSolution
		{ACE3C283-8F57-4911-A40C-7B73A4B6C91D}.Debug|Win32.ActiveCfg = Debug|Win32
		{ACE3C283-8F57-4911-A40C-7B73A4B6C91D}.Debug|Win32.Build.0 = Debug|Win32
		{ACE3C283-8F57-4911-A40C-7B73A4B6C91D}.Release|Win32.ActiveCfg = Release|Win32
		{ACE3C283-8F57-4911-A40C-7B73A4B6C91D}.Release|Win32.Build.0 = Release|Win32
	EndGlobalSection
	GlobalSection(SolutionProperties) = preSolution
		HideSolutionNode = FALSE
	EndGlobalSection
EndGlobal
